
Microsoft Visual Studio Solution File, Format Version 12.00
# Visual Studio Version 16
VisualStudioVersion = 16.0.28803.452
MinimumVisualStudioVersion = 10.0.40219.1
Project("{FAE04EC0-301F-11D3-BF4B-00C04F79EFBC}") = "NB19_ARM", "NB19_ARM\NB19_ARM.csproj", "{155149BB-D780-4430-8479-45242F02B417}"
EndProject
Global
	GlobalSection(SolutionConfigurationPlatforms) = preSolution
		Debug|Any CPU = Debug|Any CPU
		Release|Any CPU = Release|Any CPU
	EndGlobalSection
	GlobalSection(ProjectConfigurationPlatforms) = postSolution
		{155149BB-D780-4430-8479-45242F02B417}.Debug|Any CPU.ActiveCfg = Debug|Any CPU
		{155149BB-D780-4430-8479-45242F02B417}.Debug|Any CPU.Build.0 = Debug|Any CPU
		{155149BB-D780-4430-8479-45242F02B417}.Release|Any CPU.ActiveCfg = Release|Any CPU
		{155149BB-D780-4430-8479-45242F02B417}.Release|Any CPU.Build.0 = Release|Any CPU
	EndGlobalSection
	GlobalSection(SolutionProperties) = preSolution
		HideSolutionNode = FALSE
	EndGlobalSection
	GlobalSection(ExtensibilityGlobals) = postSolution
		SolutionGuid = {BBD98588-952C-41FE-A4A8-5EE19B315267}
	EndGlobalSection
EndGlobal
